
Microsoft Visual Studio Solution File, Format Version 12.00
# Visual Studio Version 16
VisualStudioVersion = 25.0.1706.7
MinimumVisualStudioVersion = 10.0.40219.1
Project("{FAE04EC0-301F-11D3-BF4B-00C04F79EFBC}") = "WebApi", "WebApi\WebApi.csproj", "{1BE4D525-57B4-4D6B-B3C6-9377E5927B4C}"
EndProject
Project("{2150E333-8FDC-42A3-9474-1A3956D46DE8}") = "Tests", "Tests", "{5B5E9768-A249-4AEC-877B-1A0B87B00DFC}"
EndProject
Project("{FAE04EC0-301F-11D3-BF4B-00C04F79EFBC}") = "WebApi.UnitTests", "Tests\WebApi.UnitTests\WebApi.UnitTests.csproj", "{8587411B-2FAD-4685-B7C2-04E4EC4915D9}"
EndProject
Global
	GlobalSection(SolutionConfigurationPlatforms) = preSolution
		Debug|Any CPU = Debug|Any CPU
		Release|Any CPU = Release|Any CPU
	EndGlobalSection
	GlobalSection(ProjectConfigurationPlatforms) = postSolution
		{1BE4D525-57B4-4D6B-B3C6-9377E5927B4C}.Debug|Any CPU.ActiveCfg = Debug|Any CPU
		{1BE4D525-57B4-4D6B-B3C6-9377E5927B4C}.Debug|Any CPU.Build.0 = Debug|Any CPU
		{1BE4D525-57B4-4D6B-B3C6-9377E5927B4C}.Release|Any CPU.ActiveCfg = Release|Any CPU
		{1BE4D525-57B4-4D6B-B3C6-9377E5927B4C}.Release|Any CPU.Build.0 = Release|Any CPU
		{8587411B-2FAD-4685-B7C2-04E4EC4915D9}.Debug|Any CPU.ActiveCfg = Debug|Any CPU
		{8587411B-2FAD-4685-B7C2-04E4EC4915D9}.Debug|Any CPU.Build.0 = Debug|Any CPU
		{8587411B-2FAD-4685-B7C2-04E4EC4915D9}.Release|Any CPU.ActiveCfg = Release|Any CPU
		{8587411B-2FAD-4685-B7C2-04E4EC4915D9}.Release|Any CPU.Build.0 = Release|Any CPU
	EndGlobalSection
	GlobalSection(SolutionProperties) = preSolution
		HideSolutionNode = FALSE
	EndGlobalSection
	GlobalSection(ExtensibilityGlobals) = postSolution
		SolutionGuid = {38B72F8E-22FF-498E-ABDA-E5DFD2CE731B}
	EndGlobalSection
	GlobalSection(NestedProjects) = preSolution
		{8587411B-2FAD-4685-B7C2-04E4EC4915D9} = {5B5E9768-A249-4AEC-877B-1A0B87B00DFC}
	EndGlobalSection
EndGlobal
